// !$*UTF8*$!
{
	archiveVersion = 1;
	classes = {
	};
	objectVersion = 50;
	objects = {

/* Begin PBXBuildFile section */
		4EC42CD6215B66BB0096716E /* AppDelegate.swift in Sources */ = {isa = PBXBuildFile; fileRef = 4EC42CD5215B66BB0096716E /* AppDelegate.swift */; };
		4EC42CD8215B66BB0096716E /* ViewController.swift in Sources */ = {isa = PBXBuildFile; fileRef = 4EC42CD7215B66BB0096716E /* ViewController.swift */; };
		4EC42CDB215B66BB0096716E /* Main.storyboard in Resources */ = {isa = PBXBuildFile; fileRef = 4EC42CD9215B66BB0096716E /* Main.storyboard */; };
		4EC42CDD215B66BD0096716E /* Assets.xcassets in Resources */ = {isa = PBXBuildFile; fileRef = 4EC42CDC215B66BD0096716E /* Assets.xcassets */; };
		4EC42CE0215B66BD0096716E /* LaunchScreen.storyboard in Resources */ = {isa = PBXBuildFile; fileRef = 4EC42CDE215B66BD0096716E /* LaunchScreen.storyboard */; };
		4EC42CEB215B66BD0096716E /* MarvelAPITests.swift in Sources */ = {isa = PBXBuildFile; fileRef = 4EC42CEA215B66BD0096716E /* MarvelAPITests.swift */; };
/* End PBXBuildFile section */

/* Begin PBXContainerItemProxy section */
		4EC42CE7215B66BD0096716E /* PBXContainerItemProxy */ = {
			isa = PBXContainerItemProxy;
			containerPortal = 4EC42CCA215B66BB0096716E /* Project object */;
			proxyType = 1;
			remoteGlobalIDString = 4EC42CD1215B66BB0096716E;
			remoteInfo = MarvelAPI;
		};
/* End PBXContainerItemProxy section */

/* Begin PBXFileReference section */
		4EC42CD2215B66BB0096716E /* MarvelAPI.app */ = {isa = PBXFileReference; explicitFileType = wrapper.application; includeInIndex = 0; path = MarvelAPI.app; sourceTree = BUILT_PRODUCTS_DIR; };
		4EC42CD5215B66BB0096716E /* AppDelegate.swift */ = {isa = PBXFileReference; lastKnownFileType = sourcecode.swift; path = AppDelegate.swift; sourceTree = "<group>"; };
		4EC42CD7215B66BB0096716E /* ViewController.swift */ = {isa = PBXFileReference; lastKnownFileType = sourcecode.swift; path = ViewController.swift; sourceTree = "<group>"; };
		4EC42CDA215B66BB0096716E /* Base */ = {isa = PBXFileReference; lastKnownFileType = file.storyboard; name = Base; path = Base.lproj/Main.storyboard; sourceTree = "<group>"; };
		4EC42CDC215B66BD0096716E /* Assets.xcassets */ = {isa = PBXFileReference; lastKnownFileType = folder.assetcatalog; path = Assets.xcassets; sourceTree = "<group>"; };
		4EC42CDF215B66BD0096716E /* Base */ = {isa = PBXFileReference; lastKnownFileType = file.storyboard; name = Base; path = Base.lproj/LaunchScreen.storyboard; sourceTree = "<group>"; };
		4EC42CE1215B66BD0096716E /* Info.plist */ = {isa = PBXFileReference; lastKnownFileType = text.plist.xml; path = Info.plist; sourceTree = "<group>"; };
		4EC42CE6215B66BD0096716E /* MarvelAPITests.xctest */ = {isa = PBXFileReference; explicitFileType = wrapper.cfbundle; includeInIndex = 0; path = MarvelAPITests.xctest; sourceTree = BUILT_PRODUCTS_DIR; };
		4EC42CEA215B66BD0096716E /* MarvelAPITests.swift */ = {isa = PBXFileReference; lastKnownFileType = sourcecode.swift; path = MarvelAPITests.swift; sourceTree = "<group>"; };
		4EC42CEC215B66BD0096716E /* Info.plist */ = {isa = PBXFileReference; lastKnownFileType = text.plist.xml; path = Info.plist; sourceTree = "<group>"; };
/* End PBXFileReference section */

/* Begin PBXFrameworksBuildPhase section */
		4EC42CCF215B66BB0096716E /* Frameworks */ = {
			isa = PBXFrameworksBuildPhase;
			buildActionMask = 2147483647;
			files = (
			);
			runOnlyForDeploymentPostprocessing = 0;
		};
		4EC42CE3215B66BD0096716E /* Frameworks */ = {
			isa = PBXFrameworksBuildPhase;
			buildActionMask = 2147483647;
			files = (
			);
			runOnlyForDeploymentPostprocessing = 0;
		};
/* End PBXFrameworksBuildPhase section */

/* Begin PBXGroup section */
		4EC42CC9215B66BB0096716E = {
			isa = PBXGroup;
			children = (
				4EC42CD4215B66BB0096716E /* MarvelAPI */,
				4EC42CE9215B66BD0096716E /* MarvelAPITests */,
				4EC42CD3215B66BB0096716E /* Products */,
			);
			sourceTree = "<group>";
		};
		4EC42CD3215B66BB0096716E /* Products */ = {
			isa = PBXGroup;
			children = (
				4EC42CD2215B66BB0096716E /* MarvelAPI.app */,
				4EC42CE6215B66BD0096716E /* MarvelAPITests.xctest */,
			);
			name = Products;
			sourceTree = "<group>";
		};
		4EC42CD4215B66BB0096716E /* MarvelAPI */ = {
			isa = PBXGroup;
			children = (
				4EC42CD5215B66BB0096716E /* AppDelegate.swift */,
				4EC42CD7215B66BB0096716E /* ViewController.swift */,
				4EC42CD9215B66BB0096716E /* Main.storyboard */,
				4EC42CDC215B66BD0096716E /* Assets.xcassets */,
				4EC42CDE215B66BD0096716E /* LaunchScreen.storyboard */,
				4EC42CE1215B66BD0096716E /* Info.plist */,
			);
			path = MarvelAPI;
			sourceTree = "<group>";
		};
		4EC42CE9215B66BD0096716E /* MarvelAPITests */ = {
			isa = PBXGroup;
			children = (
				4EC42CEA215B66BD0096716E /* MarvelAPITests.swift */,
				4EC42CEC215B66BD0096716E /* Info.plist */,
			);
			path = MarvelAPITests;
			sourceTree = "<group>";
		};
/* End PBXGroup section */

/* Begin PBXNativeTarget section */
		4EC42CD1215B66BB0096716E /* MarvelAPI */ = {
			isa = PBXNativeTarget;
			buildConfigurationList = 4EC42CEF215B66BD0096716E /* Build configuration list for PBXNativeTarget "MarvelAPI" */;
			buildPhases = (
				4EC42CCE215B66BB0096716E /* Sources */,
				4EC42CCF215B66BB0096716E /* Frameworks */,
				4EC42CD0215B66BB0096716E /* Resources */,
			);
			buildRules = (
			);
			dependencies = (
			);
			name = MarvelAPI;
			productName = MarvelAPI;
			productReference = 4EC42CD2215B66BB0096716E /* MarvelAPI.app */;
			productType = "com.apple.product-type.application";
		};
		4EC42CE5215B66BD0096716E /* MarvelAPITests */ = {
			isa = PBXNativeTarget;
			buildConfigurationList = 4EC42CF2215B66BD0096716E /* Build configuration list for PBXNativeTarget "MarvelAPITests" */;
			buildPhases = (
				4EC42CE2215B66BD0096716E /* Sources */,
				4EC42CE3215B66BD0096716E /* Frameworks */,
				4EC42CE4215B66BD0096716E /* Resources */,
			);
			buildRules = (
			);
			dependencies = (
				4EC42CE8215B66BD0096716E /* PBXTargetDependency */,
			);
			name = MarvelAPITests;
			productName = MarvelAPITests;
			productReference = 4EC42CE6215B66BD0096716E /* MarvelAPITests.xctest */;
			productType = "com.apple.product-type.bundle.unit-test";
		};
/* End PBXNativeTarget section */

/* Begin PBXProject section */
		4EC42CCA215B66BB0096716E /* Project object */ = {
			isa = PBXProject;
			attributes = {
				LastSwiftUpdateCheck = 1000;
				LastUpgradeCheck = 1000;
				ORGANIZATIONNAME = "David Alarcon";
				TargetAttributes = {
					4EC42CD1215B66BB0096716E = {
						CreatedOnToolsVersion = 10.0;
					};
					4EC42CE5215B66BD0096716E = {
						CreatedOnToolsVersion = 10.0;
						TestTargetID = 4EC42CD1215B66BB0096716E;
					};
				};
			};
			buildConfigurationList = 4EC42CCD215B66BB0096716E /* Build configuration list for PBXProject "MarvelAPI" */;
			compatibilityVersion = "Xcode 9.3";
			developmentRegion = en;
			hasScannedForEncodings = 0;
			knownRegions = (
				en,
				Base,
			);
			mainGroup = 4EC42CC9215B66BB0096716E;
			productRefGroup = 4EC42CD3215B66BB0096716E /* Products */;
			projectDirPath = "";
			projectRoot = "";
			targets = (
				4EC42CD1215B66BB0096716E /* MarvelAPI */,
				4EC42CE5215B66BD0096716E /* MarvelAPITests */,
			);
		};
/* End PBXProject section */

/* Begin PBXResourcesBuildPhase section */
		4EC42CD0215B66BB0096716E /* Resources */ = {
			isa = PBXResourcesBuildPhase;
			buildActionMask = 2147483647;
			files = (
				4EC42CE0215B66BD0096716E /* LaunchScreen.storyboard in Resources */,
				4EC42CDD215B66BD0096716E /* Assets.xcassets in Resources */,
				4EC42CDB215B66BB0096716E /* Main.storyboard in Resources */,
			);
			runOnlyForDeploymentPostprocessing = 0;
		};
		4EC42CE4215B66BD0096716E /* Resources */ = {
			isa = PBXResourcesBuildPhase;
			buildActionMask = 2147483647;
			files = (
			);
			runOnlyForDeploymentPostprocessing = 0;
		};
/* End PBXResourcesBuildPhase section */

/* Begin PBXSourcesBuildPhase section */
		4EC42CCE215B66BB0096716E /* Sources */ = {
			isa = PBXSourcesBuildPhase;
			buildActionMask = 2147483647;
			files = (
				4EC42CD8215B66BB0096716E /* ViewController.swift in Sources */,
				4EC42CD6215B66BB0096716E /* AppDelegate.swift in Sources */,
			);
			runOnlyForDeploymentPostprocessing = 0;
		};
		4EC42CE2215B66BD0096716E /* Sources */ = {
			isa = PBXSourcesBuildPhase;
			buildActionMask = 2147483647;
			files = (
				4EC42CEB215B66BD0096716E /* MarvelAPITests.swift in Sources */,
			);
			runOnlyForDeploymentPostprocessing = 0;
		};
/* End PBXSourcesBuildPhase section */

/* Begin PBXTargetDependency section */
		4EC42CE8215B66BD0096716E /* PBXTargetDependency */ = {
			isa = PBXTargetDependency;
			target = 4EC42CD1215B66BB0096716E /* MarvelAPI */;
			targetProxy = 4EC42CE7215B66BD0096716E /* PBXContainerItemProxy */;
		};
/* End PBXTargetDependency section */

/* Begin PBXVariantGroup section */
		4EC42CD9215B66BB0096716E /* Main.storyboard */ = {
			isa = PBXVariantGroup;
			children = (
				4EC42CDA215B66BB0096716E /* Base */,
			);
			name = Main.storyboard;
			sourceTree = "<group>";
		};
		4EC42CDE215B66BD0096716E /* LaunchScreen.storyboard */ = {
			isa = PBXVariantGroup;
			children = (
				4EC42CDF215B66BD0096716E /* Base */,
			);
			name = LaunchScreen.storyboard;
			sourceTree = "<group>";
		};
/* End PBXVariantGroup section */

/* Begin XCBuildConfiguration section */
		4EC42CED215B66BD0096716E /* Debug */ = {
			isa = XCBuildConfiguration;
			buildSettings = {
				ALWAYS_SEARCH_USER_PATHS = NO;
				CLANG_ANALYZER_NONNULL = YES;
				CLANG_ANALYZER_NUMBER_OBJECT_CONVERSION = YES_AGGRESSIVE;
				CLANG_CXX_LANGUAGE_STANDARD = "gnu++14";
				CLANG_CXX_LIBRARY = "libc++";
				CLANG_ENABLE_MODULES = YES;
				CLANG_ENABLE_OBJC_ARC = YES;
				CLANG_ENABLE_OBJC_WEAK = YES;
				CLANG_WARN_BLOCK_CAPTURE_AUTORELEASING = YES;
				CLANG_WARN_BOOL_CONVERSION = YES;
				CLANG_WARN_COMMA = YES;
				CLANG_WARN_CONSTANT_CONVERSION = YES;
				CLANG_WARN_DEPRECATED_OBJC_IMPLEMENTATIONS = YES;
				CLANG_WARN_DIRECT_OBJC_ISA_USAGE = YES_ERROR;
				CLANG_WARN_DOCUMENTATION_COMMENTS = YES;
				CLANG_WARN_EMPTY_BODY = YES;
				CLANG_WARN_ENUM_CONVERSION = YES;
				CLANG_WARN_INFINITE_RECURSION = YES;
				CLANG_WARN_INT_CONVERSION = YES;
				CLANG_WARN_NON_LITERAL_NULL_CONVERSION = YES;
				CLANG_WARN_OBJC_IMPLICIT_RETAIN_SELF = YES;
				CLANG_WARN_OBJC_LITERAL_CONVERSION = YES;
				CLANG_WARN_OBJC_ROOT_CLASS = YES_ERROR;
				CLANG_WARN_RANGE_LOOP_ANALYSIS = YES;
				CLANG_WARN_STRICT_PROTOTYPES = YES;
				CLANG_WARN_SUSPICIOUS_MOVE = YES;
				CLANG_WARN_UNGUARDED_AVAILABILITY = YES_AGGRESSIVE;
				CLANG_WARN_UNREACHABLE_CODE = YES;
				CLANG_WARN__DUPLICATE_METHOD_MATCH = YES;
				CODE_SIGN_IDENTITY = "iPhone Developer";
				COPY_PHASE_STRIP = NO;
				DEBUG_INFORMATION_FORMAT = dwarf;
				ENABLE_STRICT_OBJC_MSGSEND = YES;
				ENABLE_TESTABILITY = YES;
				GCC_C_LANGUAGE_STANDARD = gnu11;
				GCC_DYNAMIC_NO_PIC = NO;
				GCC_NO_COMMON_BLOCKS = YES;
				GCC_OPTIMIZATION_LEVEL = 0;
				GCC_PREPROCESSOR_DEFINITIONS = (
					"DEBUG=1",
					"$(inherited)",
				);
				GCC_WARN_64_TO_32_BIT_CONVERSION = YES;
				GCC_WARN_ABOUT_RETURN_TYPE = YES_ERROR;
				GCC_WARN_UNDECLARED_SELECTOR = YES;
				GCC_WARN_UNINITIALIZED_AUTOS = YES_AGGRESSIVE;
				GCC_WARN_UNUSED_FUNCTION = YES;
				GCC_WARN_UNUSED_VARIABLE = YES;
				IPHONEOS_DEPLOYMENT_TARGET = 12.0;
				MTL_ENABLE_DEBUG_INFO = INCLUDE_SOURCE;
				MTL_FAST_MATH = YES;
				ONLY_ACTIVE_ARCH = YES;
				SDKROOT = iphoneos;
				SWIFT_ACTIVE_COMPILATION_CONDITIONS = DEBUG;
				SWIFT_OPTIMIZATION_LEVEL = "-Onone";
			};
			name = Debug;
		};
		4EC42CEE215B66BD0096716E /* Release */ = {
			isa = XCBuildConfiguration;
			buildSettings = {
				ALWAYS_SEARCH_USER_PATHS = NO;
				CLANG_ANALYZER_NONNULL = YES;
				CLANG_ANALYZER_NUMBER_OBJECT_CONVERSION = YES_AGGRESSIVE;
				CLANG_CXX_LANGUAGE_STANDARD = "gnu++14";
				CLANG_CXX_LIBRARY = "libc++";
				CLANG_ENABLE_MODULES = YES;
				CLANG_ENABLE_OBJC_ARC = YES;
				CLANG_ENABLE_OBJC_WEAK = YES;
				CLANG_WARN_BLOCK_CAPTURE_AUTORELEASING = YES;
				CLANG_WARN_BOOL_CONVERSION = YES;
				CLANG_WARN_COMMA = YES;
				CLANG_WARN_CONSTANT_CONVERSION = YES;
				CLANG_WARN_DEPRECATED_OBJC_IMPLEMENTATIONS = YES;
				CLANG_WARN_DIRECT_OBJC_ISA_USAGE = YES_ERROR;
				CLANG_WARN_DOCUMENTATION_COMMENTS = YES;
				CLANG_WARN_EMPTY_BODY = YES;
				CLANG_WARN_ENUM_CONVERSION = YES;
				CLANG_WARN_INFINITE_RECURSION = YES;
				CLANG_WARN_INT_CONVERSION = YES;
				CLANG_WARN_NON_LITERAL_NULL_CONVERSION = YES;
				CLANG_WARN_OBJC_IMPLICIT_RETAIN_SELF = YES;
				CLANG_WARN_OBJC_LITERAL_CONVERSION = YES;
				CLANG_WARN_OBJC_ROOT_CLASS = YES_ERROR;
				CLANG_WARN_RANGE_LOOP_ANALYSIS = YES;
				CLANG_WARN_STRICT_PROTOTYPES = YES;
				CLANG_WARN_SUSPICIOUS_MOVE = YES;
				CLANG_WARN_UNGUARDED_AVAILABILITY = YES_AGGRESSIVE;
				CLANG_WARN_UNREACHABLE_CODE = YES;
				CLANG_WARN__DUPLICATE_METHOD_MATCH = YES;
				CODE_SIGN_IDENTITY = "iPhone Developer";
				COPY_PHASE_STRIP = NO;
				DEBUG_INFORMATION_FORMAT = "dwarf-with-dsym";
				ENABLE_NS_ASSERTIONS = NO;
				ENABLE_STRICT_OBJC_MSGSEND = YES;
				GCC_C_LANGUAGE_STANDARD = gnu11;
				GCC_NO_COMMON_BLOCKS = YES;
				GCC_WARN_64_TO_32_BIT_CONVERSION = YES;
				GCC_WARN_ABOUT_RETURN_TYPE = YES_ERROR;
				GCC_WARN_UNDECLARED_SELECTOR = YES;
				GCC_WARN_UNINITIALIZED_AUTOS = YES_AGGRESSIVE;
				GCC_WARN_UNUSED_FUNCTION = YES;
				GCC_WARN_UNUSED_VARIABLE = YES;
				IPHONEOS_DEPLOYMENT_TARGET = 12.0;
				MTL_ENABLE_DEBUG_INFO = NO;
				MTL_FAST_MATH = YES;
				SDKROOT = iphoneos;
				SWIFT_COMPILATION_MODE = wholemodule;
				SWIFT_OPTIMIZATION_LEVEL = "-O";
				VALIDATE_PRODUCT = YES;
			};
			name = Release;
		};
		4EC42CF0215B66BD0096716E /* Debug */ = {
			isa = XCBuildConfiguration;
			buildSettings = {
				ASSETCATALOG_COMPILER_APPICON_NAME = AppIcon;
				CODE_SIGN_STYLE = Automatic;
				DEVELOPMENT_TEAM = N74TV576H8;
				INFOPLIST_FILE = MarvelAPI/Info.plist;
				LD_RUNPATH_SEARCH_PATHS = (
					"$(inherited)",
					"@executable_path/Frameworks",
				);
				PRODUCT_BUNDLE_IDENTIFIER = org.nomoremierdas.MarvelAPI;
				PRODUCT_NAME = "$(TARGET_NAME)";
				SWIFT_VERSION = 4.2;
				TARGETED_DEVICE_FAMILY = "1,2";
			};
			name = Debug;
		};
		4EC42CF1215B66BD0096716E /* Release */ = {
			isa = XCBuildConfiguration;
			buildSettings = {
				ASSETCATALOG_COMPILER_APPICON_NAME = AppIcon;
				CODE_SIGN_STYLE = Automatic;
				DEVELOPMENT_TEAM = N74TV576H8;
				INFOPLIST_FILE = MarvelAPI/Info.plist;
				LD_RUNPATH_SEARCH_PATHS = (
					"$(inherited)",
					"@executable_path/Frameworks",
				);
				PRODUCT_BUNDLE_IDENTIFIER = org.nomoremierdas.MarvelAPI;
				PRODUCT_NAME = "$(TARGET_NAME)";
				SWIFT_VERSION = 4.2;
				TARGETED_DEVICE_FAMILY = "1,2";
			};
			name = Release;
		};
		4EC42CF3215B66BD0096716E /* Debug */ = {
			isa = XCBuildConfiguration;
			buildSettings = {
				ALWAYS_EMBED_SWIFT_STANDARD_LIBRARIES = YES;
				BUNDLE_LOADER = "$(TEST_HOST)";
				CODE_SIGN_STYLE = Automatic;
				DEVELOPMENT_TEAM = N74TV576H8;
				INFOPLIST_FILE = MarvelAPITests/Info.plist;
				LD_RUNPATH_SEARCH_PATHS = (
					"$(inherited)",
					"@executable_path/Frameworks",
					"@loader_path/Frameworks",
				);
				PRODUCT_BUNDLE_IDENTIFIER = org.nomoremierdas.MarvelAPITests;
				PRODUCT_NAME = "$(TARGET_NAME)";
				SWIFT_VERSION = 4.2;
				TARGETED_DEVICE_FAMILY = "1,2";
				TEST_HOST = "$(BUILT_PRODUCTS_DIR)/MarvelAPI.app/MarvelAPI";
			};
			name = Debug;
		};
		4EC42CF4215B66BD0096716E /* Release */ = {
			isa = XCBuildConfiguration;
			buildSettings = {
				ALWAYS_EMBED_SWIFT_STANDARD_LIBRARIES = YES;
				BUNDLE_LOADER = "$(TEST_HOST)";
				CODE_SIGN_STYLE = Automatic;
				DEVELOPMENT_TEAM = N74TV576H8;
				INFOPLIST_FILE = MarvelAPITests/Info.plist;
				LD_RUNPATH_SEARCH_PATHS = (
					"$(inherited)",
					"@executable_path/Frameworks",
					"@loader_path/Frameworks",
				);
				PRODUCT_BUNDLE_IDENTIFIER = org.nomoremierdas.MarvelAPITests;
				PRODUCT_NAME = "$(TARGET_NAME)";
				SWIFT_VERSION = 4.2;
				TARGETED_DEVICE_FAMILY = "1,2";
				TEST_HOST = "$(BUILT_PRODUCTS_DIR)/MarvelAPI.app/MarvelAPI";
			};
			name = Release;
		};
/* End XCBuildConfiguration section */

/* Begin XCConfigurationList section */
		4EC42CCD215B66BB0096716E /* Build configuration list for PBXProject "MarvelAPI" */ = {
			isa = XCConfigurationList;
			buildConfigurations = (
				4EC42CED215B66BD0096716E /* Debug */,
				4EC42CEE215B66BD0096716E /* Release */,
			);
			defaultConfigurationIsVisible = 0;
			defaultConfigurationName = Release;
		};
		4EC42CEF215B66BD0096716E /* Build configuration list for PBXNativeTarget "MarvelAPI" */ = {
			isa = XCConfigurationList;
			buildConfigurations = (
				4EC42CF0215B66BD0096716E /* Debug */,
				4EC42CF1215B66BD0096716E /* Release */,
			);
			defaultConfigurationIsVisible = 0;
			defaultConfigurationName = Release;
		};
		4EC42CF2215B66BD0096716E /* Build configuration list for PBXNativeTarget "MarvelAPITests" */ = {
			isa = XCConfigurationList;
			buildConfigurations = (
				4EC42CF3215B66BD0096716E /* Debug */,
				4EC42CF4215B66BD0096716E /* Release */,
			);
			defaultConfigurationIsVisible = 0;
			defaultConfigurationName = Release;
		};
/* End XCConfigurationList section */
	};
	rootObject = 4EC42CCA215B66BB0096716E /* Project object */;
}
