// !$*UTF8*$!
{
	archiveVersion = 1;
	classes = {
	};
	objectVersion = 50;
	objects = {

/* Begin PBXBuildFile section */
		494D818F050718D4C76CAC21 /* Pods_MarvelAPI.framework in Frameworks */ = {isa = PBXBuildFile; fileRef = F72C38474E452AFF029932D7 /* Pods_MarvelAPI.framework */; };
		4EC42CD6215B66BB0096716E /* AppDelegate.swift in Sources */ = {isa = PBXBuildFile; fileRef = 4EC42CD5215B66BB0096716E /* AppDelegate.swift */; };
		4EC42CDD215B66BD0096716E /* Assets.xcassets in Resources */ = {isa = PBXBuildFile; fileRef = 4EC42CDC215B66BD0096716E /* Assets.xcassets */; };
		4EC42CEB215B66BD0096716E /* MarvelAPITests.swift in Sources */ = {isa = PBXBuildFile; fileRef = 4EC42CEA215B66BD0096716E /* MarvelAPITests.swift */; };
		4EC42CF6215B83E00096716E /* MarvelAPIClient.swift in Sources */ = {isa = PBXBuildFile; fileRef = 4EC42CF5215B83E00096716E /* MarvelAPIClient.swift */; };
		4EC42CF9215B85670096716E /* APIRequest.swift in Sources */ = {isa = PBXBuildFile; fileRef = 4EC42CF8215B85670096716E /* APIRequest.swift */; };
		4EC42CFB215B874E0096716E /* Result.swift in Sources */ = {isa = PBXBuildFile; fileRef = 4EC42CFA215B874E0096716E /* Result.swift */; };
		4EC42CFD215B883F0096716E /* DataContainer.swift in Sources */ = {isa = PBXBuildFile; fileRef = 4EC42CFC215B883F0096716E /* DataContainer.swift */; };
		4EC42D00215B8C390096716E /* String+md5.swift in Sources */ = {isa = PBXBuildFile; fileRef = 4EC42CFF215B8C390096716E /* String+md5.swift */; };
		4EC42D02215B8E210096716E /* URLQueryItemEncoder.swift in Sources */ = {isa = PBXBuildFile; fileRef = 4EC42D01215B8E210096716E /* URLQueryItemEncoder.swift */; };
		4EC42D04215B914E0096716E /* HTTPParameter.swift in Sources */ = {isa = PBXBuildFile; fileRef = 4EC42D03215B914E0096716E /* HTTPParameter.swift */; };
		4EC42D06215B95030096716E /* MarvelError.swift in Sources */ = {isa = PBXBuildFile; fileRef = 4EC42D05215B95030096716E /* MarvelError.swift */; };
		4EC42D08215B9A790096716E /* MarvelResponse.swift in Sources */ = {isa = PBXBuildFile; fileRef = 4EC42D07215B9A790096716E /* MarvelResponse.swift */; };
		4EC42D0B215B9F3D0096716E /* CharactersAPIRequest.swift in Sources */ = {isa = PBXBuildFile; fileRef = 4EC42D0A215B9F3D0096716E /* CharactersAPIRequest.swift */; };
		4EC42D0E215B9FC30096716E /* ComicCharacter.swift in Sources */ = {isa = PBXBuildFile; fileRef = 4EC42D0D215B9FC30096716E /* ComicCharacter.swift */; };
		4EC42D10215BB28C0096716E /* Image.swift in Sources */ = {isa = PBXBuildFile; fileRef = 4EC42D0F215BB28C0096716E /* Image.swift */; };
		4EC42D12215BB8EC0096716E /* ComicsAPIRequest.swift in Sources */ = {isa = PBXBuildFile; fileRef = 4EC42D11215BB8EC0096716E /* ComicsAPIRequest.swift */; };
		4EC42D14215BBC570096716E /* Comic.swift in Sources */ = {isa = PBXBuildFile; fileRef = 4EC42D13215BBC570096716E /* Comic.swift */; };
		4EC42D16215BC1020096716E /* ComicAPIRequest.swift in Sources */ = {isa = PBXBuildFile; fileRef = 4EC42D15215BC1020096716E /* ComicAPIRequest.swift */; };
		A739BFD7EE090D1D73339C49 /* Pods_MarvelAPITests.framework in Frameworks */ = {isa = PBXBuildFile; fileRef = 8BF2EADD37E5E261A706AE96 /* Pods_MarvelAPITests.framework */; };
/* End PBXBuildFile section */

/* Begin PBXContainerItemProxy section */
		4EC42CE7215B66BD0096716E /* PBXContainerItemProxy */ = {
			isa = PBXContainerItemProxy;
			containerPortal = 4EC42CCA215B66BB0096716E /* Project object */;
			proxyType = 1;
			remoteGlobalIDString = 4EC42CD1215B66BB0096716E;
			remoteInfo = MarvelAPI;
		};
/* End PBXContainerItemProxy section */

/* Begin PBXFileReference section */
		22C37460CE2A1A7BCE5C7B96 /* Pods-MarvelAPI.release.xcconfig */ = {isa = PBXFileReference; includeInIndex = 1; lastKnownFileType = text.xcconfig; name = "Pods-MarvelAPI.release.xcconfig"; path = "Pods/Target Support Files/Pods-MarvelAPI/Pods-MarvelAPI.release.xcconfig"; sourceTree = "<group>"; };
		4EC42CD2215B66BB0096716E /* MarvelAPI.app */ = {isa = PBXFileReference; explicitFileType = wrapper.application; includeInIndex = 0; path = MarvelAPI.app; sourceTree = BUILT_PRODUCTS_DIR; };
		4EC42CD5215B66BB0096716E /* AppDelegate.swift */ = {isa = PBXFileReference; lastKnownFileType = sourcecode.swift; path = AppDelegate.swift; sourceTree = "<group>"; };
		4EC42CDC215B66BD0096716E /* Assets.xcassets */ = {isa = PBXFileReference; lastKnownFileType = folder.assetcatalog; path = Assets.xcassets; sourceTree = "<group>"; };
		4EC42CE1215B66BD0096716E /* Info.plist */ = {isa = PBXFileReference; lastKnownFileType = text.plist.xml; path = Info.plist; sourceTree = "<group>"; };
		4EC42CE6215B66BD0096716E /* MarvelAPITests.xctest */ = {isa = PBXFileReference; explicitFileType = wrapper.cfbundle; includeInIndex = 0; path = MarvelAPITests.xctest; sourceTree = BUILT_PRODUCTS_DIR; };
		4EC42CEA215B66BD0096716E /* MarvelAPITests.swift */ = {isa = PBXFileReference; lastKnownFileType = sourcecode.swift; path = MarvelAPITests.swift; sourceTree = "<group>"; };
		4EC42CEC215B66BD0096716E /* Info.plist */ = {isa = PBXFileReference; lastKnownFileType = text.plist.xml; path = Info.plist; sourceTree = "<group>"; };
		4EC42CF5215B83E00096716E /* MarvelAPIClient.swift */ = {isa = PBXFileReference; lastKnownFileType = sourcecode.swift; path = MarvelAPIClient.swift; sourceTree = "<group>"; };
		4EC42CF8215B85670096716E /* APIRequest.swift */ = {isa = PBXFileReference; lastKnownFileType = sourcecode.swift; path = APIRequest.swift; sourceTree = "<group>"; };
		4EC42CFA215B874E0096716E /* Result.swift */ = {isa = PBXFileReference; lastKnownFileType = sourcecode.swift; path = Result.swift; sourceTree = "<group>"; };
		4EC42CFC215B883F0096716E /* DataContainer.swift */ = {isa = PBXFileReference; lastKnownFileType = sourcecode.swift; path = DataContainer.swift; sourceTree = "<group>"; };
		4EC42CFF215B8C390096716E /* String+md5.swift */ = {isa = PBXFileReference; lastKnownFileType = sourcecode.swift; path = "String+md5.swift"; sourceTree = "<group>"; };
		4EC42D01215B8E210096716E /* URLQueryItemEncoder.swift */ = {isa = PBXFileReference; lastKnownFileType = sourcecode.swift; path = URLQueryItemEncoder.swift; sourceTree = "<group>"; };
		4EC42D03215B914E0096716E /* HTTPParameter.swift */ = {isa = PBXFileReference; lastKnownFileType = sourcecode.swift; path = HTTPParameter.swift; sourceTree = "<group>"; };
		4EC42D05215B95030096716E /* MarvelError.swift */ = {isa = PBXFileReference; lastKnownFileType = sourcecode.swift; path = MarvelError.swift; sourceTree = "<group>"; };
		4EC42D07215B9A790096716E /* MarvelResponse.swift */ = {isa = PBXFileReference; lastKnownFileType = sourcecode.swift; path = MarvelResponse.swift; sourceTree = "<group>"; };
		4EC42D0A215B9F3D0096716E /* CharactersAPIRequest.swift */ = {isa = PBXFileReference; lastKnownFileType = sourcecode.swift; path = CharactersAPIRequest.swift; sourceTree = "<group>"; };
		4EC42D0D215B9FC30096716E /* ComicCharacter.swift */ = {isa = PBXFileReference; lastKnownFileType = sourcecode.swift; path = ComicCharacter.swift; sourceTree = "<group>"; };
		4EC42D0F215BB28C0096716E /* Image.swift */ = {isa = PBXFileReference; lastKnownFileType = sourcecode.swift; path = Image.swift; sourceTree = "<group>"; };
		4EC42D11215BB8EC0096716E /* ComicsAPIRequest.swift */ = {isa = PBXFileReference; lastKnownFileType = sourcecode.swift; path = ComicsAPIRequest.swift; sourceTree = "<group>"; };
		4EC42D13215BBC570096716E /* Comic.swift */ = {isa = PBXFileReference; lastKnownFileType = sourcecode.swift; path = Comic.swift; sourceTree = "<group>"; };
		4EC42D15215BC1020096716E /* ComicAPIRequest.swift */ = {isa = PBXFileReference; lastKnownFileType = sourcecode.swift; path = ComicAPIRequest.swift; sourceTree = "<group>"; };
		7DC321AA2074794F86FFB407 /* Pods-MarvelAPITests.release.xcconfig */ = {isa = PBXFileReference; includeInIndex = 1; lastKnownFileType = text.xcconfig; name = "Pods-MarvelAPITests.release.xcconfig"; path = "Pods/Target Support Files/Pods-MarvelAPITests/Pods-MarvelAPITests.release.xcconfig"; sourceTree = "<group>"; };
		8BF2EADD37E5E261A706AE96 /* Pods_MarvelAPITests.framework */ = {isa = PBXFileReference; explicitFileType = wrapper.framework; includeInIndex = 0; path = Pods_MarvelAPITests.framework; sourceTree = BUILT_PRODUCTS_DIR; };
		DCFD2B3E742022FF34668F81 /* Pods-MarvelAPITests.debug.xcconfig */ = {isa = PBXFileReference; includeInIndex = 1; lastKnownFileType = text.xcconfig; name = "Pods-MarvelAPITests.debug.xcconfig"; path = "Pods/Target Support Files/Pods-MarvelAPITests/Pods-MarvelAPITests.debug.xcconfig"; sourceTree = "<group>"; };
		DE09DB720A87735A24D8E067 /* Pods-MarvelAPI.debug.xcconfig */ = {isa = PBXFileReference; includeInIndex = 1; lastKnownFileType = text.xcconfig; name = "Pods-MarvelAPI.debug.xcconfig"; path = "Pods/Target Support Files/Pods-MarvelAPI/Pods-MarvelAPI.debug.xcconfig"; sourceTree = "<group>"; };
		F72C38474E452AFF029932D7 /* Pods_MarvelAPI.framework */ = {isa = PBXFileReference; explicitFileType = wrapper.framework; includeInIndex = 0; path = Pods_MarvelAPI.framework; sourceTree = BUILT_PRODUCTS_DIR; };
/* End PBXFileReference section */

/* Begin PBXFrameworksBuildPhase section */
		4EC42CCF215B66BB0096716E /* Frameworks */ = {
			isa = PBXFrameworksBuildPhase;
			buildActionMask = 2147483647;
			files = (
				494D818F050718D4C76CAC21 /* Pods_MarvelAPI.framework in Frameworks */,
			);
			runOnlyForDeploymentPostprocessing = 0;
		};
		4EC42CE3215B66BD0096716E /* Frameworks */ = {
			isa = PBXFrameworksBuildPhase;
			buildActionMask = 2147483647;
			files = (
				A739BFD7EE090D1D73339C49 /* Pods_MarvelAPITests.framework in Frameworks */,
			);
			runOnlyForDeploymentPostprocessing = 0;
		};
/* End PBXFrameworksBuildPhase section */

/* Begin PBXGroup section */
		4EC42CC9215B66BB0096716E = {
			isa = PBXGroup;
			children = (
				4EC42CD4215B66BB0096716E /* MarvelAPI */,
				4EC42CE9215B66BD0096716E /* MarvelAPITests */,
				4EC42CD3215B66BB0096716E /* Products */,
				FDF1E105C8655DA2CE0536E2 /* Pods */,
				99D62D038A49470BF03FAE1B /* Frameworks */,
			);
			sourceTree = "<group>";
		};
		4EC42CD3215B66BB0096716E /* Products */ = {
			isa = PBXGroup;
			children = (
				4EC42CD2215B66BB0096716E /* MarvelAPI.app */,
				4EC42CE6215B66BD0096716E /* MarvelAPITests.xctest */,
			);
			name = Products;
			sourceTree = "<group>";
		};
		4EC42CD4215B66BB0096716E /* MarvelAPI */ = {
			isa = PBXGroup;
			children = (
				4EC42D09215B9F1A0096716E /* Requests */,
				4EC42CFE215B8C200096716E /* Extrensions */,
				4EC42CF7215B853F0096716E /* Model */,
				4EC42CD5215B66BB0096716E /* AppDelegate.swift */,
				4EC42CDC215B66BD0096716E /* Assets.xcassets */,
				4EC42CE1215B66BD0096716E /* Info.plist */,
				4EC42CF5215B83E00096716E /* MarvelAPIClient.swift */,
			);
			path = MarvelAPI;
			sourceTree = "<group>";
		};
		4EC42CE9215B66BD0096716E /* MarvelAPITests */ = {
			isa = PBXGroup;
			children = (
				4EC42CEA215B66BD0096716E /* MarvelAPITests.swift */,
				4EC42CEC215B66BD0096716E /* Info.plist */,
			);
			path = MarvelAPITests;
			sourceTree = "<group>";
		};
		4EC42CF7215B853F0096716E /* Model */ = {
			isa = PBXGroup;
			children = (
				4EC42D0C215B9F910096716E /* Network */,
				4EC42D0D215B9FC30096716E /* ComicCharacter.swift */,
				4EC42D0F215BB28C0096716E /* Image.swift */,
				4EC42D13215BBC570096716E /* Comic.swift */,
			);
			path = Model;
			sourceTree = "<group>";
		};
		4EC42CFE215B8C200096716E /* Extrensions */ = {
			isa = PBXGroup;
			children = (
				4EC42CFF215B8C390096716E /* String+md5.swift */,
			);
			path = Extrensions;
			sourceTree = "<group>";
		};
		4EC42D09215B9F1A0096716E /* Requests */ = {
			isa = PBXGroup;
			children = (
				4EC42D0A215B9F3D0096716E /* CharactersAPIRequest.swift */,
				4EC42D11215BB8EC0096716E /* ComicsAPIRequest.swift */,
				4EC42D15215BC1020096716E /* ComicAPIRequest.swift */,
			);
			path = Requests;
			sourceTree = "<group>";
		};
		4EC42D0C215B9F910096716E /* Network */ = {
			isa = PBXGroup;
			children = (
				4EC42CF8215B85670096716E /* APIRequest.swift */,
				4EC42CFA215B874E0096716E /* Result.swift */,
				4EC42CFC215B883F0096716E /* DataContainer.swift */,
				4EC42D01215B8E210096716E /* URLQueryItemEncoder.swift */,
				4EC42D03215B914E0096716E /* HTTPParameter.swift */,
				4EC42D05215B95030096716E /* MarvelError.swift */,
				4EC42D07215B9A790096716E /* MarvelResponse.swift */,
			);
			path = Network;
			sourceTree = "<group>";
		};
		99D62D038A49470BF03FAE1B /* Frameworks */ = {
			isa = PBXGroup;
			children = (
				F72C38474E452AFF029932D7 /* Pods_MarvelAPI.framework */,
				8BF2EADD37E5E261A706AE96 /* Pods_MarvelAPITests.framework */,
			);
			name = Frameworks;
			sourceTree = "<group>";
		};
		FDF1E105C8655DA2CE0536E2 /* Pods */ = {
			isa = PBXGroup;
			children = (
				DE09DB720A87735A24D8E067 /* Pods-MarvelAPI.debug.xcconfig */,
				22C37460CE2A1A7BCE5C7B96 /* Pods-MarvelAPI.release.xcconfig */,
				DCFD2B3E742022FF34668F81 /* Pods-MarvelAPITests.debug.xcconfig */,
				7DC321AA2074794F86FFB407 /* Pods-MarvelAPITests.release.xcconfig */,
			);
			name = Pods;
			sourceTree = "<group>";
		};
/* End PBXGroup section */

/* Begin PBXNativeTarget section */
		4EC42CD1215B66BB0096716E /* MarvelAPI */ = {
			isa = PBXNativeTarget;
			buildConfigurationList = 4EC42CEF215B66BD0096716E /* Build configuration list for PBXNativeTarget "MarvelAPI" */;
			buildPhases = (
				54A4FB179679A0B7FF5D3A9E /* [CP] Check Pods Manifest.lock */,
				4EC42CCE215B66BB0096716E /* Sources */,
				4EC42CCF215B66BB0096716E /* Frameworks */,
				4EC42CD0215B66BB0096716E /* Resources */,
				61A631F124CF373470611C87 /* [CP] Embed Pods Frameworks */,
			);
			buildRules = (
			);
			dependencies = (
			);
			name = MarvelAPI;
			productName = MarvelAPI;
			productReference = 4EC42CD2215B66BB0096716E /* MarvelAPI.app */;
			productType = "com.apple.product-type.application";
		};
		4EC42CE5215B66BD0096716E /* MarvelAPITests */ = {
			isa = PBXNativeTarget;
			buildConfigurationList = 4EC42CF2215B66BD0096716E /* Build configuration list for PBXNativeTarget "MarvelAPITests" */;
			buildPhases = (
				4955C5F914FD1FAA0264E423 /* [CP] Check Pods Manifest.lock */,
				4EC42CE2215B66BD0096716E /* Sources */,
				4EC42CE3215B66BD0096716E /* Frameworks */,
				4EC42CE4215B66BD0096716E /* Resources */,
			);
			buildRules = (
			);
			dependencies = (
				4EC42CE8215B66BD0096716E /* PBXTargetDependency */,
			);
			name = MarvelAPITests;
			productName = MarvelAPITests;
			productReference = 4EC42CE6215B66BD0096716E /* MarvelAPITests.xctest */;
			productType = "com.apple.product-type.bundle.unit-test";
		};
/* End PBXNativeTarget section */

/* Begin PBXProject section */
		4EC42CCA215B66BB0096716E /* Project object */ = {
			isa = PBXProject;
			attributes = {
				LastSwiftUpdateCheck = 1000;
				LastUpgradeCheck = 1000;
				ORGANIZATIONNAME = "David Alarcon";
				TargetAttributes = {
					4EC42CD1215B66BB0096716E = {
						CreatedOnToolsVersion = 10.0;
					};
					4EC42CE5215B66BD0096716E = {
						CreatedOnToolsVersion = 10.0;
						TestTargetID = 4EC42CD1215B66BB0096716E;
					};
				};
			};
			buildConfigurationList = 4EC42CCD215B66BB0096716E /* Build configuration list for PBXProject "MarvelAPI" */;
			compatibilityVersion = "Xcode 9.3";
			developmentRegion = en;
			hasScannedForEncodings = 0;
			knownRegions = (
				en,
				Base,
			);
			mainGroup = 4EC42CC9215B66BB0096716E;
			productRefGroup = 4EC42CD3215B66BB0096716E /* Products */;
			projectDirPath = "";
			projectRoot = "";
			targets = (
				4EC42CD1215B66BB0096716E /* MarvelAPI */,
				4EC42CE5215B66BD0096716E /* MarvelAPITests */,
			);
		};
/* End PBXProject section */

/* Begin PBXResourcesBuildPhase section */
		4EC42CD0215B66BB0096716E /* Resources */ = {
			isa = PBXResourcesBuildPhase;
			buildActionMask = 2147483647;
			files = (
				4EC42CDD215B66BD0096716E /* Assets.xcassets in Resources */,
			);
			runOnlyForDeploymentPostprocessing = 0;
		};
		4EC42CE4215B66BD0096716E /* Resources */ = {
			isa = PBXResourcesBuildPhase;
			buildActionMask = 2147483647;
			files = (
			);
			runOnlyForDeploymentPostprocessing = 0;
		};
/* End PBXResourcesBuildPhase section */

/* Begin PBXShellScriptBuildPhase section */
		4955C5F914FD1FAA0264E423 /* [CP] Check Pods Manifest.lock */ = {
			isa = PBXShellScriptBuildPhase;
			buildActionMask = 2147483647;
			files = (
			);
			inputPaths = (
				"${PODS_PODFILE_DIR_PATH}/Podfile.lock",
				"${PODS_ROOT}/Manifest.lock",
			);
			name = "[CP] Check Pods Manifest.lock";
			outputPaths = (
				"$(DERIVED_FILE_DIR)/Pods-MarvelAPITests-checkManifestLockResult.txt",
			);
			runOnlyForDeploymentPostprocessing = 0;
			shellPath = /bin/sh;
			shellScript = "diff \"${PODS_PODFILE_DIR_PATH}/Podfile.lock\" \"${PODS_ROOT}/Manifest.lock\" > /dev/null\nif [ $? != 0 ] ; then\n    # print error to STDERR\n    echo \"error: The sandbox is not in sync with the Podfile.lock. Run 'pod install' or update your CocoaPods installation.\" >&2\n    exit 1\nfi\n# This output is used by Xcode 'outputs' to avoid re-running this script phase.\necho \"SUCCESS\" > \"${SCRIPT_OUTPUT_FILE_0}\"\n";
			showEnvVarsInLog = 0;
		};
		54A4FB179679A0B7FF5D3A9E /* [CP] Check Pods Manifest.lock */ = {
			isa = PBXShellScriptBuildPhase;
			buildActionMask = 2147483647;
			files = (
			);
			inputPaths = (
				"${PODS_PODFILE_DIR_PATH}/Podfile.lock",
				"${PODS_ROOT}/Manifest.lock",
			);
			name = "[CP] Check Pods Manifest.lock";
			outputPaths = (
				"$(DERIVED_FILE_DIR)/Pods-MarvelAPI-checkManifestLockResult.txt",
			);
			runOnlyForDeploymentPostprocessing = 0;
			shellPath = /bin/sh;
			shellScript = "diff \"${PODS_PODFILE_DIR_PATH}/Podfile.lock\" \"${PODS_ROOT}/Manifest.lock\" > /dev/null\nif [ $? != 0 ] ; then\n    # print error to STDERR\n    echo \"error: The sandbox is not in sync with the Podfile.lock. Run 'pod install' or update your CocoaPods installation.\" >&2\n    exit 1\nfi\n# This output is used by Xcode 'outputs' to avoid re-running this script phase.\necho \"SUCCESS\" > \"${SCRIPT_OUTPUT_FILE_0}\"\n";
			showEnvVarsInLog = 0;
		};
		61A631F124CF373470611C87 /* [CP] Embed Pods Frameworks */ = {
			isa = PBXShellScriptBuildPhase;
			buildActionMask = 2147483647;
			files = (
			);
			inputPaths = (
				"${SRCROOT}/Pods/Target Support Files/Pods-MarvelAPI/Pods-MarvelAPI-frameworks.sh",
				"${BUILT_PRODUCTS_DIR}/ReactiveCocoa/ReactiveCocoa.framework",
				"${BUILT_PRODUCTS_DIR}/ReactiveSwift/ReactiveSwift.framework",
				"${BUILT_PRODUCTS_DIR}/Result/Result.framework",
			);
			name = "[CP] Embed Pods Frameworks";
			outputPaths = (
				"${TARGET_BUILD_DIR}/${FRAMEWORKS_FOLDER_PATH}/ReactiveCocoa.framework",
				"${TARGET_BUILD_DIR}/${FRAMEWORKS_FOLDER_PATH}/ReactiveSwift.framework",
				"${TARGET_BUILD_DIR}/${FRAMEWORKS_FOLDER_PATH}/Result.framework",
			);
			runOnlyForDeploymentPostprocessing = 0;
			shellPath = /bin/sh;
			shellScript = "\"${SRCROOT}/Pods/Target Support Files/Pods-MarvelAPI/Pods-MarvelAPI-frameworks.sh\"\n";
			showEnvVarsInLog = 0;
		};
/* End PBXShellScriptBuildPhase section */

/* Begin PBXSourcesBuildPhase section */
		4EC42CCE215B66BB0096716E /* Sources */ = {
			isa = PBXSourcesBuildPhase;
			buildActionMask = 2147483647;
			files = (
				4EC42CF6215B83E00096716E /* MarvelAPIClient.swift in Sources */,
				4EC42CFD215B883F0096716E /* DataContainer.swift in Sources */,
				4EC42D0B215B9F3D0096716E /* CharactersAPIRequest.swift in Sources */,
				4EC42D0E215B9FC30096716E /* ComicCharacter.swift in Sources */,
				4EC42D06215B95030096716E /* MarvelError.swift in Sources */,
				4EC42D08215B9A790096716E /* MarvelResponse.swift in Sources */,
				4EC42D10215BB28C0096716E /* Image.swift in Sources */,
				4EC42D14215BBC570096716E /* Comic.swift in Sources */,
				4EC42D02215B8E210096716E /* URLQueryItemEncoder.swift in Sources */,
				4EC42D12215BB8EC0096716E /* ComicsAPIRequest.swift in Sources */,
				4EC42CF9215B85670096716E /* APIRequest.swift in Sources */,
				4EC42CFB215B874E0096716E /* Result.swift in Sources */,
				4EC42CD6215B66BB0096716E /* AppDelegate.swift in Sources */,
				4EC42D00215B8C390096716E /* String+md5.swift in Sources */,
				4EC42D16215BC1020096716E /* ComicAPIRequest.swift in Sources */,
				4EC42D04215B914E0096716E /* HTTPParameter.swift in Sources */,
			);
			runOnlyForDeploymentPostprocessing = 0;
		};
		4EC42CE2215B66BD0096716E /* Sources */ = {
			isa = PBXSourcesBuildPhase;
			buildActionMask = 2147483647;
			files = (
				4EC42CEB215B66BD0096716E /* MarvelAPITests.swift in Sources */,
			);
			runOnlyForDeploymentPostprocessing = 0;
		};
/* End PBXSourcesBuildPhase section */

/* Begin PBXTargetDependency section */
		4EC42CE8215B66BD0096716E /* PBXTargetDependency */ = {
			isa = PBXTargetDependency;
			target = 4EC42CD1215B66BB0096716E /* MarvelAPI */;
			targetProxy = 4EC42CE7215B66BD0096716E /* PBXContainerItemProxy */;
		};
/* End PBXTargetDependency section */

/* Begin XCBuildConfiguration section */
		4EC42CED215B66BD0096716E /* Debug */ = {
			isa = XCBuildConfiguration;
			buildSettings = {
				ALWAYS_SEARCH_USER_PATHS = NO;
				CLANG_ANALYZER_NONNULL = YES;
				CLANG_ANALYZER_NUMBER_OBJECT_CONVERSION = YES_AGGRESSIVE;
				CLANG_CXX_LANGUAGE_STANDARD = "gnu++14";
				CLANG_CXX_LIBRARY = "libc++";
				CLANG_ENABLE_MODULES = YES;
				CLANG_ENABLE_OBJC_ARC = YES;
				CLANG_ENABLE_OBJC_WEAK = YES;
				CLANG_WARN_BLOCK_CAPTURE_AUTORELEASING = YES;
				CLANG_WARN_BOOL_CONVERSION = YES;
				CLANG_WARN_COMMA = YES;
				CLANG_WARN_CONSTANT_CONVERSION = YES;
				CLANG_WARN_DEPRECATED_OBJC_IMPLEMENTATIONS = YES;
				CLANG_WARN_DIRECT_OBJC_ISA_USAGE = YES_ERROR;
				CLANG_WARN_DOCUMENTATION_COMMENTS = YES;
				CLANG_WARN_EMPTY_BODY = YES;
				CLANG_WARN_ENUM_CONVERSION = YES;
				CLANG_WARN_INFINITE_RECURSION = YES;
				CLANG_WARN_INT_CONVERSION = YES;
				CLANG_WARN_NON_LITERAL_NULL_CONVERSION = YES;
				CLANG_WARN_OBJC_IMPLICIT_RETAIN_SELF = YES;
				CLANG_WARN_OBJC_LITERAL_CONVERSION = YES;
				CLANG_WARN_OBJC_ROOT_CLASS = YES_ERROR;
				CLANG_WARN_RANGE_LOOP_ANALYSIS = YES;
				CLANG_WARN_STRICT_PROTOTYPES = YES;
				CLANG_WARN_SUSPICIOUS_MOVE = YES;
				CLANG_WARN_UNGUARDED_AVAILABILITY = YES_AGGRESSIVE;
				CLANG_WARN_UNREACHABLE_CODE = YES;
				CLANG_WARN__DUPLICATE_METHOD_MATCH = YES;
				CODE_SIGN_IDENTITY = "iPhone Developer";
				COPY_PHASE_STRIP = NO;
				DEBUG_INFORMATION_FORMAT = dwarf;
				ENABLE_STRICT_OBJC_MSGSEND = YES;
				ENABLE_TESTABILITY = YES;
				GCC_C_LANGUAGE_STANDARD = gnu11;
				GCC_DYNAMIC_NO_PIC = NO;
				GCC_NO_COMMON_BLOCKS = YES;
				GCC_OPTIMIZATION_LEVEL = 0;
				GCC_PREPROCESSOR_DEFINITIONS = (
					"DEBUG=1",
					"$(inherited)",
				);
				GCC_WARN_64_TO_32_BIT_CONVERSION = YES;
				GCC_WARN_ABOUT_RETURN_TYPE = YES_ERROR;
				GCC_WARN_UNDECLARED_SELECTOR = YES;
				GCC_WARN_UNINITIALIZED_AUTOS = YES_AGGRESSIVE;
				GCC_WARN_UNUSED_FUNCTION = YES;
				GCC_WARN_UNUSED_VARIABLE = YES;
				IPHONEOS_DEPLOYMENT_TARGET = 12.0;
				MTL_ENABLE_DEBUG_INFO = INCLUDE_SOURCE;
				MTL_FAST_MATH = YES;
				ONLY_ACTIVE_ARCH = YES;
				SDKROOT = iphoneos;
				SWIFT_ACTIVE_COMPILATION_CONDITIONS = DEBUG;
				SWIFT_OPTIMIZATION_LEVEL = "-Onone";
			};
			name = Debug;
		};
		4EC42CEE215B66BD0096716E /* Release */ = {
			isa = XCBuildConfiguration;
			buildSettings = {
				ALWAYS_SEARCH_USER_PATHS = NO;
				CLANG_ANALYZER_NONNULL = YES;
				CLANG_ANALYZER_NUMBER_OBJECT_CONVERSION = YES_AGGRESSIVE;
				CLANG_CXX_LANGUAGE_STANDARD = "gnu++14";
				CLANG_CXX_LIBRARY = "libc++";
				CLANG_ENABLE_MODULES = YES;
				CLANG_ENABLE_OBJC_ARC = YES;
				CLANG_ENABLE_OBJC_WEAK = YES;
				CLANG_WARN_BLOCK_CAPTURE_AUTORELEASING = YES;
				CLANG_WARN_BOOL_CONVERSION = YES;
				CLANG_WARN_COMMA = YES;
				CLANG_WARN_CONSTANT_CONVERSION = YES;
				CLANG_WARN_DEPRECATED_OBJC_IMPLEMENTATIONS = YES;
				CLANG_WARN_DIRECT_OBJC_ISA_USAGE = YES_ERROR;
				CLANG_WARN_DOCUMENTATION_COMMENTS = YES;
				CLANG_WARN_EMPTY_BODY = YES;
				CLANG_WARN_ENUM_CONVERSION = YES;
				CLANG_WARN_INFINITE_RECURSION = YES;
				CLANG_WARN_INT_CONVERSION = YES;
				CLANG_WARN_NON_LITERAL_NULL_CONVERSION = YES;
				CLANG_WARN_OBJC_IMPLICIT_RETAIN_SELF = YES;
				CLANG_WARN_OBJC_LITERAL_CONVERSION = YES;
				CLANG_WARN_OBJC_ROOT_CLASS = YES_ERROR;
				CLANG_WARN_RANGE_LOOP_ANALYSIS = YES;
				CLANG_WARN_STRICT_PROTOTYPES = YES;
				CLANG_WARN_SUSPICIOUS_MOVE = YES;
				CLANG_WARN_UNGUARDED_AVAILABILITY = YES_AGGRESSIVE;
				CLANG_WARN_UNREACHABLE_CODE = YES;
				CLANG_WARN__DUPLICATE_METHOD_MATCH = YES;
				CODE_SIGN_IDENTITY = "iPhone Developer";
				COPY_PHASE_STRIP = NO;
				DEBUG_INFORMATION_FORMAT = "dwarf-with-dsym";
				ENABLE_NS_ASSERTIONS = NO;
				ENABLE_STRICT_OBJC_MSGSEND = YES;
				GCC_C_LANGUAGE_STANDARD = gnu11;
				GCC_NO_COMMON_BLOCKS = YES;
				GCC_WARN_64_TO_32_BIT_CONVERSION = YES;
				GCC_WARN_ABOUT_RETURN_TYPE = YES_ERROR;
				GCC_WARN_UNDECLARED_SELECTOR = YES;
				GCC_WARN_UNINITIALIZED_AUTOS = YES_AGGRESSIVE;
				GCC_WARN_UNUSED_FUNCTION = YES;
				GCC_WARN_UNUSED_VARIABLE = YES;
				IPHONEOS_DEPLOYMENT_TARGET = 12.0;
				MTL_ENABLE_DEBUG_INFO = NO;
				MTL_FAST_MATH = YES;
				SDKROOT = iphoneos;
				SWIFT_COMPILATION_MODE = wholemodule;
				SWIFT_OPTIMIZATION_LEVEL = "-O";
				VALIDATE_PRODUCT = YES;
			};
			name = Release;
		};
		4EC42CF0215B66BD0096716E /* Debug */ = {
			isa = XCBuildConfiguration;
			baseConfigurationReference = DE09DB720A87735A24D8E067 /* Pods-MarvelAPI.debug.xcconfig */;
			buildSettings = {
				ASSETCATALOG_COMPILER_APPICON_NAME = AppIcon;
				CODE_SIGN_STYLE = Automatic;
				DEVELOPMENT_TEAM = N74TV576H8;
				INFOPLIST_FILE = MarvelAPI/Info.plist;
				LD_RUNPATH_SEARCH_PATHS = (
					"$(inherited)",
					"@executable_path/Frameworks",
				);
				PRODUCT_BUNDLE_IDENTIFIER = org.nomoremierdas.MarvelAPI;
				PRODUCT_NAME = "$(TARGET_NAME)";
				SWIFT_VERSION = 4.0;
				TARGETED_DEVICE_FAMILY = 1;
			};
			name = Debug;
		};
		4EC42CF1215B66BD0096716E /* Release */ = {
			isa = XCBuildConfiguration;
			baseConfigurationReference = 22C37460CE2A1A7BCE5C7B96 /* Pods-MarvelAPI.release.xcconfig */;
			buildSettings = {
				ASSETCATALOG_COMPILER_APPICON_NAME = AppIcon;
				CODE_SIGN_STYLE = Automatic;
				DEVELOPMENT_TEAM = N74TV576H8;
				INFOPLIST_FILE = MarvelAPI/Info.plist;
				LD_RUNPATH_SEARCH_PATHS = (
					"$(inherited)",
					"@executable_path/Frameworks",
				);
				PRODUCT_BUNDLE_IDENTIFIER = org.nomoremierdas.MarvelAPI;
				PRODUCT_NAME = "$(TARGET_NAME)";
				SWIFT_VERSION = 4.0;
				TARGETED_DEVICE_FAMILY = 1;
			};
			name = Release;
		};
		4EC42CF3215B66BD0096716E /* Debug */ = {
			isa = XCBuildConfiguration;
			baseConfigurationReference = DCFD2B3E742022FF34668F81 /* Pods-MarvelAPITests.debug.xcconfig */;
			buildSettings = {
				ALWAYS_EMBED_SWIFT_STANDARD_LIBRARIES = YES;
				BUNDLE_LOADER = "$(TEST_HOST)";
				CODE_SIGN_STYLE = Automatic;
				DEVELOPMENT_TEAM = N74TV576H8;
				INFOPLIST_FILE = MarvelAPITests/Info.plist;
				LD_RUNPATH_SEARCH_PATHS = (
					"$(inherited)",
					"@executable_path/Frameworks",
					"@loader_path/Frameworks",
				);
				PRODUCT_BUNDLE_IDENTIFIER = org.nomoremierdas.MarvelAPITests;
				PRODUCT_NAME = "$(TARGET_NAME)";
				SWIFT_VERSION = 4.2;
				TARGETED_DEVICE_FAMILY = "1,2";
				TEST_HOST = "$(BUILT_PRODUCTS_DIR)/MarvelAPI.app/MarvelAPI";
			};
			name = Debug;
		};
		4EC42CF4215B66BD0096716E /* Release */ = {
			isa = XCBuildConfiguration;
			baseConfigurationReference = 7DC321AA2074794F86FFB407 /* Pods-MarvelAPITests.release.xcconfig */;
			buildSettings = {
				ALWAYS_EMBED_SWIFT_STANDARD_LIBRARIES = YES;
				BUNDLE_LOADER = "$(TEST_HOST)";
				CODE_SIGN_STYLE = Automatic;
				DEVELOPMENT_TEAM = N74TV576H8;
				INFOPLIST_FILE = MarvelAPITests/Info.plist;
				LD_RUNPATH_SEARCH_PATHS = (
					"$(inherited)",
					"@executable_path/Frameworks",
					"@loader_path/Frameworks",
				);
				PRODUCT_BUNDLE_IDENTIFIER = org.nomoremierdas.MarvelAPITests;
				PRODUCT_NAME = "$(TARGET_NAME)";
				SWIFT_VERSION = 4.2;
				TARGETED_DEVICE_FAMILY = "1,2";
				TEST_HOST = "$(BUILT_PRODUCTS_DIR)/MarvelAPI.app/MarvelAPI";
			};
			name = Release;
		};
/* End XCBuildConfiguration section */

/* Begin XCConfigurationList section */
		4EC42CCD215B66BB0096716E /* Build configuration list for PBXProject "MarvelAPI" */ = {
			isa = XCConfigurationList;
			buildConfigurations = (
				4EC42CED215B66BD0096716E /* Debug */,
				4EC42CEE215B66BD0096716E /* Release */,
			);
			defaultConfigurationIsVisible = 0;
			defaultConfigurationName = Release;
		};
		4EC42CEF215B66BD0096716E /* Build configuration list for PBXNativeTarget "MarvelAPI" */ = {
			isa = XCConfigurationList;
			buildConfigurations = (
				4EC42CF0215B66BD0096716E /* Debug */,
				4EC42CF1215B66BD0096716E /* Release */,
			);
			defaultConfigurationIsVisible = 0;
			defaultConfigurationName = Release;
		};
		4EC42CF2215B66BD0096716E /* Build configuration list for PBXNativeTarget "MarvelAPITests" */ = {
			isa = XCConfigurationList;
			buildConfigurations = (
				4EC42CF3215B66BD0096716E /* Debug */,
				4EC42CF4215B66BD0096716E /* Release */,
			);
			defaultConfigurationIsVisible = 0;
			defaultConfigurationName = Release;
		};
/* End XCConfigurationList section */
	};
	rootObject = 4EC42CCA215B66BB0096716E /* Project object */;
}
